
Microsoft Visual Studio Solution File, Format Version 12.00
# Visual Studio Version 17
VisualStudioVersion = 17.10.35004.147
MinimumVisualStudioVersion = 10.0.40219.1
Project("{FAE04EC0-301F-11D3-BF4B-00C04F79EFBC}") = "EncryptorRevamp", "EncryptorRevamp.csproj", "{A1D7F276-9444-4B9D-85F3-EBF75C5D182F}"
EndProject
Global
	GlobalSection(SolutionConfigurationPlatforms) = preSolution
		Debug|Any CPU = Debug|Any CPU
		Release|Any CPU = Release|Any CPU
	EndGlobalSection
	GlobalSection(ProjectConfigurationPlatforms) = postSolution
		{A1D7F276-9444-4B9D-85F3-EBF75C5D182F}.Debug|Any CPU.ActiveCfg = Debug|Any CPU
		{A1D7F276-9444-4B9D-85F3-EBF75C5D182F}.Debug|Any CPU.Build.0 = Debug|Any CPU
		{A1D7F276-9444-4B9D-85F3-EBF75C5D182F}.Release|Any CPU.ActiveCfg = Release|Any CPU
		{A1D7F276-9444-4B9D-85F3-EBF75C5D182F}.Release|Any CPU.Build.0 = Release|Any CPU
	EndGlobalSection
	GlobalSection(SolutionProperties) = preSolution
		HideSolutionNode = FALSE
	EndGlobalSection
	GlobalSection(ExtensibilityGlobals) = postSolution
		SolutionGuid = {19EF2B55-73CB-472A-9207-796F6D028E24}
	EndGlobalSection
EndGlobal
